
Microsoft Visual Studio Solution File, Format Version 12.00
# Visual Studio Version 17
VisualStudioVersion = 17.14.36429.23 d17.14
MinimumVisualStudioVersion = 10.0.40219.1
Project("{8BC9CEB8-8B4A-11D0-8D11-00A0C91BC942}") = "Ejercicio_03", "Ejercicio_03.vcxproj", "{AC5E8065-65D9-4AFE-8098-97FCCE3CE5D4}"
EndProject
Global
	GlobalSection(SolutionConfigurationPlatforms) = preSolution
		Debug|x64 = Debug|x64
		Debug|x86 = Debug|x86
		Release|x64 = Release|x64
		Release|x86 = Release|x86
	EndGlobalSection
	GlobalSection(ProjectConfigurationPlatforms) = postSolution
		{AC5E8065-65D9-4AFE-8098-97FCCE3CE5D4}.Debug|x64.ActiveCfg = Debug|x64
		{AC5E8065-65D9-4AFE-8098-97FCCE3CE5D4}.Debug|x64.Build.0 = Debug|x64
		{AC5E8065-65D9-4AFE-8098-97FCCE3CE5D4}.Debug|x86.ActiveCfg = Debug|Win32
		{AC5E8065-65D9-4AFE-8098-97FCCE3CE5D4}.Debug|x86.Build.0 = Debug|Win32
		{AC5E8065-65D9-4AFE-8098-97FCCE3CE5D4}.Release|x64.ActiveCfg = Release|x64
		{AC5E8065-65D9-4AFE-8098-97FCCE3CE5D4}.Release|x64.Build.0 = Release|x64
		{AC5E8065-65D9-4AFE-8098-97FCCE3CE5D4}.Release|x86.ActiveCfg = Release|Win32
		{AC5E8065-65D9-4AFE-8098-97FCCE3CE5D4}.Release|x86.Build.0 = Release|Win32
	EndGlobalSection
	GlobalSection(SolutionProperties) = preSolution
		HideSolutionNode = FALSE
	EndGlobalSection
	GlobalSection(ExtensibilityGlobals) = postSolution
		SolutionGuid = {6951AB7E-8DD6-4054-A45E-32AA71D05F52}
	EndGlobalSection
EndGlobal
